
Microsoft Visual Studio Solution File, Format Version 12.00
# Visual Studio Version 17
VisualStudioVersion = 17.6.33815.320
MinimumVisualStudioVersion = 10.0.40219.1
Project("{9A19103F-16F7-4668-BE54-9A1E7A4F7556}") = "Szorzotabla", "Szorzotabla\Szorzotabla.csproj", "{149CB7BF-B0BD-45AD-B2C1-5440C667F21D}"
EndProject
Project("{9A19103F-16F7-4668-BE54-9A1E7A4F7556}") = "Fibonacci", "Fibonacci\Fibonacci.csproj", "{C41450EE-EFBD-4FBE-9219-E113D919E4FC}"
EndProject
Project("{9A19103F-16F7-4668-BE54-9A1E7A4F7556}") = "Pascal", "Pascal\Pascal.csproj", "{CCBC4D81-5D36-49C8-9D98-E517E2A48140}"
EndProject
Project("{9A19103F-16F7-4668-BE54-9A1E7A4F7556}") = "VillogoGomb", "VillogoGomb\VillogoGomb.csproj", "{E078312A-2448-43DE-8AC0-01E4218B3E38}"
EndProject
Project("{9A19103F-16F7-4668-BE54-9A1E7A4F7556}") = "HitelKöltsége", "HitelKöltsége\HitelKöltsége.csproj", "{F1E0AE1F-B16D-4837-8D0F-42275D829A4C}"
EndProject
Project("{9A19103F-16F7-4668-BE54-9A1E7A4F7556}") = "Pascal_net_8", "Pascal_net_8\Pascal_net_8.csproj", "{15BB2857-7C88-48E7-9939-189F13A1043B}"
EndProject
Project("{9A19103F-16F7-4668-BE54-9A1E7A4F7556}") = "Sakktabla_net_8", "Sakktabla_net_8\Sakktabla_net_8.csproj", "{74437F27-1CA1-4CC4-93DC-7C2D5190493F}"
EndProject
Project("{FAE04EC0-301F-11D3-BF4B-00C04F79EFBC}") = "ZH_Villogo_Gomb", "ZH_Villogo_Gomb\ZH_Villogo_Gomb.csproj", "{3904E785-0EB4-48BB-B3BD-75F24168A413}"
EndProject
Project("{FAE04EC0-301F-11D3-BF4B-00C04F79EFBC}") = "ZH_Szinezo_Gomb", "ZH_Szinezo_Gomb\ZH_Szinezo_Gomb.csproj", "{65890889-5D06-4F98-AB3D-E890C743A1D3}"
EndProject
Project("{FAE04EC0-301F-11D3-BF4B-00C04F79EFBC}") = "ZH_Szamolo_Gomb", "ZH_Szamolo_Gomb\ZH_Szamolo_Gomb.csproj", "{7709E7AC-C164-41C5-89C6-9CAA37E615ED}"
EndProject
Global
	GlobalSection(SolutionConfigurationPlatforms) = preSolution
		Debug|Any CPU = Debug|Any CPU
		Release|Any CPU = Release|Any CPU
	EndGlobalSection
	GlobalSection(ProjectConfigurationPlatforms) = postSolution
		{149CB7BF-B0BD-45AD-B2C1-5440C667F21D}.Debug|Any CPU.ActiveCfg = Debug|Any CPU
		{149CB7BF-B0BD-45AD-B2C1-5440C667F21D}.Debug|Any CPU.Build.0 = Debug|Any CPU
		{149CB7BF-B0BD-45AD-B2C1-5440C667F21D}.Release|Any CPU.ActiveCfg = Release|Any CPU
		{149CB7BF-B0BD-45AD-B2C1-5440C667F21D}.Release|Any CPU.Build.0 = Release|Any CPU
		{C41450EE-EFBD-4FBE-9219-E113D919E4FC}.Debug|Any CPU.ActiveCfg = Debug|Any CPU
		{C41450EE-EFBD-4FBE-9219-E113D919E4FC}.Debug|Any CPU.Build.0 = Debug|Any CPU
		{C41450EE-EFBD-4FBE-9219-E113D919E4FC}.Release|Any CPU.ActiveCfg = Release|Any CPU
		{C41450EE-EFBD-4FBE-9219-E113D919E4FC}.Release|Any CPU.Build.0 = Release|Any CPU
		{CCBC4D81-5D36-49C8-9D98-E517E2A48140}.Debug|Any CPU.ActiveCfg = Debug|Any CPU
		{CCBC4D81-5D36-49C8-9D98-E517E2A48140}.Debug|Any CPU.Build.0 = Debug|Any CPU
		{CCBC4D81-5D36-49C8-9D98-E517E2A48140}.Release|Any CPU.ActiveCfg = Release|Any CPU
		{CCBC4D81-5D36-49C8-9D98-E517E2A48140}.Release|Any CPU.Build.0 = Release|Any CPU
		{E078312A-2448-43DE-8AC0-01E4218B3E38}.Debug|Any CPU.ActiveCfg = Debug|Any CPU
		{E078312A-2448-43DE-8AC0-01E4218B3E38}.Debug|Any CPU.Build.0 = Debug|Any CPU
		{E078312A-2448-43DE-8AC0-01E4218B3E38}.Release|Any CPU.ActiveCfg = Release|Any CPU
		{E078312A-2448-43DE-8AC0-01E4218B3E38}.Release|Any CPU.Build.0 = Release|Any CPU
		{F1E0AE1F-B16D-4837-8D0F-42275D829A4C}.Debug|Any CPU.ActiveCfg = Debug|Any CPU
		{F1E0AE1F-B16D-4837-8D0F-42275D829A4C}.Debug|Any CPU.Build.0 = Debug|Any CPU
		{F1E0AE1F-B16D-4837-8D0F-42275D829A4C}.Release|Any CPU.ActiveCfg = Release|Any CPU
		{F1E0AE1F-B16D-4837-8D0F-42275D829A4C}.Release|Any CPU.Build.0 = Release|Any CPU
		{15BB2857-7C88-48E7-9939-189F13A1043B}.Debug|Any CPU.ActiveCfg = Debug|Any CPU
		{15BB2857-7C88-48E7-9939-189F13A1043B}.Debug|Any CPU.Build.0 = Debug|Any CPU
		{15BB2857-7C88-48E7-9939-189F13A1043B}.Release|Any CPU.ActiveCfg = Release|Any CPU
		{15BB2857-7C88-48E7-9939-189F13A1043B}.Release|Any CPU.Build.0 = Release|Any CPU
		{74437F27-1CA1-4CC4-93DC-7C2D5190493F}.Debug|Any CPU.ActiveCfg = Debug|Any CPU
		{74437F27-1CA1-4CC4-93DC-7C2D5190493F}.Debug|Any CPU.Build.0 = Debug|Any CPU
		{74437F27-1CA1-4CC4-93DC-7C2D5190493F}.Release|Any CPU.ActiveCfg = Release|Any CPU
		{74437F27-1CA1-4CC4-93DC-7C2D5190493F}.Release|Any CPU.Build.0 = Release|Any CPU
		{3904E785-0EB4-48BB-B3BD-75F24168A413}.Debug|Any CPU.ActiveCfg = Debug|Any CPU
		{3904E785-0EB4-48BB-B3BD-75F24168A413}.Debug|Any CPU.Build.0 = Debug|Any CPU
		{3904E785-0EB4-48BB-B3BD-75F24168A413}.Release|Any CPU.ActiveCfg = Release|Any CPU
		{3904E785-0EB4-48BB-B3BD-75F24168A413}.Release|Any CPU.Build.0 = Release|Any CPU
		{65890889-5D06-4F98-AB3D-E890C743A1D3}.Debug|Any CPU.ActiveCfg = Debug|Any CPU
		{65890889-5D06-4F98-AB3D-E890C743A1D3}.Debug|Any CPU.Build.0 = Debug|Any CPU
		{65890889-5D06-4F98-AB3D-E890C743A1D3}.Release|Any CPU.ActiveCfg = Release|Any CPU
		{65890889-5D06-4F98-AB3D-E890C743A1D3}.Release|Any CPU.Build.0 = Release|Any CPU
		{7709E7AC-C164-41C5-89C6-9CAA37E615ED}.Debug|Any CPU.ActiveCfg = Debug|Any CPU
		{7709E7AC-C164-41C5-89C6-9CAA37E615ED}.Debug|Any CPU.Build.0 = Debug|Any CPU
		{7709E7AC-C164-41C5-89C6-9CAA37E615ED}.Release|Any CPU.ActiveCfg = Release|Any CPU
		{7709E7AC-C164-41C5-89C6-9CAA37E615ED}.Release|Any CPU.Build.0 = Release|Any CPU
	EndGlobalSection
	GlobalSection(SolutionProperties) = preSolution
		HideSolutionNode = FALSE
	EndGlobalSection
	GlobalSection(ExtensibilityGlobals) = postSolution
		SolutionGuid = {D8E81E99-A60E-4BF4-8D0C-C63E63941986}
	EndGlobalSection
EndGlobal
